
Microsoft Visual Studio Solution File, Format Version 11.00
# Visual Studio 2010
Project("{CC5FD16D-436D-48AD-A40C-5A424C6E3E79}") = "SoLienLacTrucTuyen", "SoLienLacTrucTuyen\SoLienLacTrucTuyen.ccproj", "{885C6C40-4DDC-4F4F-919C-C471EE65B818}"
EndProject
Project("{FAE04EC0-301F-11D3-BF4B-00C04F79EFBC}") = "SoLienLacTrucTuyen_WebRole", "SoLienLacTrucTuyen_WebRole\SoLienLacTrucTuyen_WebRole.csproj", "{A907327E-75C6-4C6D-93D8-F908A5B717CA}"
EndProject
Project("{FAE04EC0-301F-11D3-BF4B-00C04F79EFBC}") = "SoLienLacTrucTuyen.DataAccess", "DataAccess\SoLienLacTrucTuyen.DataAccess.csproj", "{ED2027DC-923E-4904-9E11-928D65B01BCD}"
EndProject
Project("{FAE04EC0-301F-11D3-BF4B-00C04F79EFBC}") = "SoLienLacTrucTuyen.BusinessLogic", "SoLienLacTrucTuyen.BusinessLogic\SoLienLacTrucTuyen.BusinessLogic.csproj", "{136FB4E4-9479-4416-A5C4-A8361AEC26C7}"
EndProject
Project("{FAE04EC0-301F-11D3-BF4B-00C04F79EFBC}") = "SoLienLacTrucTuyen.DataPager", "DataPager\SoLienLacTrucTuyen.DataPager.csproj", "{59AF6AAF-1294-492A-AA48-3E2B9EB9E12A}"
EndProject
Project("{FAE04EC0-301F-11D3-BF4B-00C04F79EFBC}") = "SoLienLacTrucTuyen.BusinessEntity", "BusinessEntity\SoLienLacTrucTuyen.BusinessEntity.csproj", "{8D80AC34-715A-4E7D-9074-42D1A5E01A23}"
EndProject
Project("{F088123C-0E9E-452A-89E6-6BA2F21D5CAC}") = "ModelingProject", "ModelingProject\ModelingProject.modelproj", "{6FA07169-9EA6-406D-AAF1-A533513687EA}"
EndProject
Global
	GlobalSection(SolutionConfigurationPlatforms) = preSolution
		Debug|Any CPU = Debug|Any CPU
		Release|Any CPU = Release|Any CPU
	EndGlobalSection
	GlobalSection(ProjectConfigurationPlatforms) = postSolution
		{885C6C40-4DDC-4F4F-919C-C471EE65B818}.Debug|Any CPU.ActiveCfg = Debug|Any CPU
		{885C6C40-4DDC-4F4F-919C-C471EE65B818}.Debug|Any CPU.Build.0 = Debug|Any CPU
		{885C6C40-4DDC-4F4F-919C-C471EE65B818}.Release|Any CPU.ActiveCfg = Release|Any CPU
		{885C6C40-4DDC-4F4F-919C-C471EE65B818}.Release|Any CPU.Build.0 = Release|Any CPU
		{A907327E-75C6-4C6D-93D8-F908A5B717CA}.Debug|Any CPU.ActiveCfg = Debug|Any CPU
		{A907327E-75C6-4C6D-93D8-F908A5B717CA}.Debug|Any CPU.Build.0 = Debug|Any CPU
		{A907327E-75C6-4C6D-93D8-F908A5B717CA}.Release|Any CPU.ActiveCfg = Release|Any CPU
		{A907327E-75C6-4C6D-93D8-F908A5B717CA}.Release|Any CPU.Build.0 = Release|Any CPU
		{ED2027DC-923E-4904-9E11-928D65B01BCD}.Debug|Any CPU.ActiveCfg = Debug|Any CPU
		{ED2027DC-923E-4904-9E11-928D65B01BCD}.Debug|Any CPU.Build.0 = Debug|Any CPU
		{ED2027DC-923E-4904-9E11-928D65B01BCD}.Release|Any CPU.ActiveCfg = Release|Any CPU
		{ED2027DC-923E-4904-9E11-928D65B01BCD}.Release|Any CPU.Build.0 = Release|Any CPU
		{136FB4E4-9479-4416-A5C4-A8361AEC26C7}.Debug|Any CPU.ActiveCfg = Debug|Any CPU
		{136FB4E4-9479-4416-A5C4-A8361AEC26C7}.Debug|Any CPU.Build.0 = Debug|Any CPU
		{136FB4E4-9479-4416-A5C4-A8361AEC26C7}.Release|Any CPU.ActiveCfg = Release|Any CPU
		{136FB4E4-9479-4416-A5C4-A8361AEC26C7}.Release|Any CPU.Build.0 = Release|Any CPU
		{59AF6AAF-1294-492A-AA48-3E2B9EB9E12A}.Debug|Any CPU.ActiveCfg = Debug|Any CPU
		{59AF6AAF-1294-492A-AA48-3E2B9EB9E12A}.Debug|Any CPU.Build.0 = Debug|Any CPU
		{59AF6AAF-1294-492A-AA48-3E2B9EB9E12A}.Release|Any CPU.ActiveCfg = Release|Any CPU
		{59AF6AAF-1294-492A-AA48-3E2B9EB9E12A}.Release|Any CPU.Build.0 = Release|Any CPU
		{8D80AC34-715A-4E7D-9074-42D1A5E01A23}.Debug|Any CPU.ActiveCfg = Debug|Any CPU
		{8D80AC34-715A-4E7D-9074-42D1A5E01A23}.Debug|Any CPU.Build.0 = Debug|Any CPU
		{8D80AC34-715A-4E7D-9074-42D1A5E01A23}.Release|Any CPU.ActiveCfg = Release|Any CPU
		{8D80AC34-715A-4E7D-9074-42D1A5E01A23}.Release|Any CPU.Build.0 = Release|Any CPU
		{6FA07169-9EA6-406D-AAF1-A533513687EA}.Debug|Any CPU.ActiveCfg = Debug|Any CPU
		{6FA07169-9EA6-406D-AAF1-A533513687EA}.Debug|Any CPU.Build.0 = Debug|Any CPU
		{6FA07169-9EA6-406D-AAF1-A533513687EA}.Release|Any CPU.ActiveCfg = Release|Any CPU
		{6FA07169-9EA6-406D-AAF1-A533513687EA}.Release|Any CPU.Build.0 = Release|Any CPU
	EndGlobalSection
	GlobalSection(SolutionProperties) = preSolution
		HideSolutionNode = FALSE
	EndGlobalSection
EndGlobal
